<?xml version="1.0" encoding="utf-8"?>
<Project ToolsVersion="4.0" xmlns="http://schemas.microsoft.com/developer/msbuild/2003">
  <ItemGroup>
    <ClCompile Include="Compiler.cpp" />
    <ClCompile Include="CompilerNode.cpp" />
    <ClCompile Include="DefaultFunction.cpp" />
    <ClCompile Include="Grammar.cpp" />
    <ClCompile Include="InteralFunction.cpp" />
    <ClCompile Include="main.cpp" />
    <ClCompile Include="MathFunction.cpp" />
    <ClCompile Include="NativeCodeGenerator.cpp" />
    <ClCompile Include="ParseException.cpp" />
    <ClCompile Include="PartnerNotFoundException.cpp" />
    <ClCompile Include="PhysicsFunction.cpp" />
    <ClCompile Include="RegexMatcher.cpp" />
    <ClCompile Include="Token.cpp" />
    <ClCompile Include="TokenDefinition.cpp" />
    <ClCompile Include="Tokenizer.cpp" />
    <ClCompile Include="TokenizerController.cpp" />
    <ClCompile Include="TokenPartner.cpp" />
  </ItemGroup>
  <ItemGroup>
    <ClInclude Include="Compiler.h" />
    <ClInclude Include="CompilerNode.h" />
    <ClInclude Include="DefaultFunction.h" />
    <ClInclude Include="Grammar.h" />
    <ClInclude Include="IInteralFunction.h" />
    <ClInclude Include="InteralFunction.h" />
    <ClInclude Include="MathFunction.h" />
    <ClInclude Include="NativeCodeGenerator.h" />
    <ClInclude Include="ParseException.h" />
    <ClInclude Include="PartnerNotFoundException.h" />
    <ClInclude Include="PhysicsFunction.h" />
    <ClInclude Include="RegexMatcher.h" />
    <ClInclude Include="Token.h" />
    <ClInclude Include="TokenDefinition.h" />
    <ClInclude Include="Tokenizer.h" />
    <ClInclude Include="TokenizerController.h" />
    <ClInclude Include="TokenPartner.h" />
    <ClInclude Include="TokenType.h" />
    <ClInclude Include="InternalFunctionType.h" />
  </ItemGroup>
</Project>