<?xml version="1.0" encoding="utf-8"?>
<Project ToolsVersion="4.0" xmlns="http://schemas.microsoft.com/developer/msbuild/2003">
  <ItemGroup>
    <ClCompile Include="main.cpp" />
    <ClCompile Include="CodeEditor.cpp">
      <Filter>Source Files\Qt</Filter>
    </ClCompile>
    <ClCompile Include="Compiler.cpp">
      <Filter>Source Files\Compiler</Filter>
    </ClCompile>
    <ClCompile Include="CompilerNode.cpp">
      <Filter>Source Files\Compiler</Filter>
    </ClCompile>
    <ClCompile Include="FunctionCaller.cpp">
      <Filter>Source Files\VirtualMachine</Filter>
    </ClCompile>
    <ClCompile Include="Grammar.cpp">
      <Filter>Source Files\Tokenizer</Filter>
    </ClCompile>
    <ClCompile Include="Highlighter.cpp">
      <Filter>Source Files\Qt</Filter>
    </ClCompile>
    <ClCompile Include="InternalFunction.cpp">
      <Filter>Source Files\Compiler</Filter>
    </ClCompile>
    <ClCompile Include="LabelStack.cpp">
      <Filter>Source Files\Tokenizer</Filter>
    </ClCompile>
    <ClCompile Include="MainWindow.cpp">
      <Filter>Source Files\Qt</Filter>
    </ClCompile>
    <ClCompile Include="ParameterException.cpp">
      <Filter>Source Files\Exceptions</Filter>
    </ClCompile>
    <ClCompile Include="ParseException.cpp">
      <Filter>Source Files\Exceptions</Filter>
    </ClCompile>
    <ClCompile Include="PartnerNotFoundException.cpp">
      <Filter>Source Files\Exceptions</Filter>
    </ClCompile>
    <ClCompile Include="SymbolNotFoundException.cpp">
      <Filter>Source Files\Exceptions</Filter>
    </ClCompile>
    <ClCompile Include="VirtualMachine.cpp">
      <Filter>Source Files\VirtualMachine</Filter>
    </ClCompile>
    <ClCompile Include="RegexMatcher.cpp">
      <Filter>Source Files\Tokenizer</Filter>
    </ClCompile>
    <ClCompile Include="Token.cpp">
      <Filter>Source Files\Tokenizer</Filter>
    </ClCompile>
    <ClCompile Include="TokenDefinition.cpp">
      <Filter>Source Files\Tokenizer</Filter>
    </ClCompile>
    <ClCompile Include="Tokenizer.cpp">
      <Filter>Source Files\Tokenizer</Filter>
    </ClCompile>
    <ClCompile Include="TokenizerController.cpp">
      <Filter>Source Files\Tokenizer</Filter>
    </ClCompile>
    <ClCompile Include="TokenPartner.cpp">
      <Filter>Source Files\Tokenizer</Filter>
    </ClCompile>
    <ClCompile Include="MissingTokenException.cpp">
      <Filter>Source Files\Exceptions</Filter>
    </ClCompile>
    <ClCompile Include="IdentifierException.cpp">
      <Filter>Source Files\Exceptions</Filter>
    </ClCompile>
    <ClCompile Include="ParameterNameException.cpp">
      <Filter>Source Files\Exceptions</Filter>
    </ClCompile>
    <ClCompile Include="StatementNotFoundException.cpp">
      <Filter>Source Files\Exceptions</Filter>
    </ClCompile>
    <ClCompile Include="UnexpectedKeywordException.cpp">
      <Filter>Source Files\Exceptions</Filter>
    </ClCompile>
    <ClCompile Include="UnexpectedTypeException.cpp">
      <Filter>Source Files\Exceptions</Filter>
    </ClCompile>
    <ClCompile Include="VariableNotFoundException.cpp">
      <Filter>Source Files\Exceptions</Filter>
    </ClCompile>
    <ClCompile Include="FileIO.cpp">
      <Filter>Source Files\Services</Filter>
    </ClCompile>
    <ClCompile Include="MainController.cpp">
      <Filter>Source Files\Controller</Filter>
    </ClCompile>
    <ClCompile Include="SymbolTable.cpp">
      <Filter>Source Files\Compiler</Filter>
    </ClCompile>
    <ClCompile Include="Symbol.cpp">
      <Filter>Source Files\Compiler</Filter>
    </ClCompile>
    <ClCompile Include="SubroutineTable.cpp">
      <Filter>Source Files\Compiler</Filter>
    </ClCompile>
    <ClCompile Include="Subroutine.cpp">
      <Filter>Source Files\Compiler</Filter>
    </ClCompile>
    <ClCompile Include="Parser.cpp">
      <Filter>Source Files\Compiler</Filter>
    </ClCompile>
    <ClCompile Include="MissingCompilerNodeException.cpp">
      <Filter>Source Files\Exceptions</Filter>
    </ClCompile>
    <ClCompile Include="MissingMainFunctionException.cpp">
      <Filter>Source Files\Exceptions</Filter>
    </ClCompile>
    <ClCompile Include="FunctionNameExpectedException.cpp">
      <Filter>Source Files\Exceptions</Filter>
    </ClCompile>
    <ClCompile Include="SubroutineNotFoundException.cpp">
      <Filter>Source Files\Exceptions</Filter>
    </ClCompile>
    <ClCompile Include="UnknownExpressionException.cpp">
      <Filter>Source Files\Exceptions</Filter>
    </ClCompile>
    <ClCompile Include="LinkedList.cpp">
      <Filter>Source Files\VirtualMachine</Filter>
    </ClCompile>
    <ClCompile Include="ListNode.cpp">
      <Filter>Source Files\VirtualMachine</Filter>
    </ClCompile>
    <ClCompile Include="ListIterator.cpp">
      <Filter>Source Files\VirtualMachine</Filter>
    </ClCompile>
    <ClCompile Include="OutputWindow.cpp">
      <Filter>Source Files\Qt</Filter>
    </ClCompile>
    <ClCompile Include="GeneratedFiles\Debug\moc_CodeEditor.cpp">
      <Filter>Generated Files\Debug</Filter>
    </ClCompile>
    <ClCompile Include="GeneratedFiles\Release\moc_CodeEditor.cpp">
      <Filter>Generated Files\Release</Filter>
    </ClCompile>
    <ClCompile Include="GeneratedFiles\Debug\moc_Highlighter.cpp">
      <Filter>Generated Files\Debug</Filter>
    </ClCompile>
    <ClCompile Include="GeneratedFiles\Release\moc_Highlighter.cpp">
      <Filter>Generated Files\Release</Filter>
    </ClCompile>
    <ClCompile Include="GeneratedFiles\Debug\moc_MainWindow.cpp">
      <Filter>Generated Files\Debug</Filter>
    </ClCompile>
    <ClCompile Include="GeneratedFiles\Release\moc_MainWindow.cpp">
      <Filter>Generated Files\Release</Filter>
    </ClCompile>
    <ClCompile Include="GeneratedFiles\Debug\moc_OutputWindow.cpp">
      <Filter>Generated Files\Debug</Filter>
    </ClCompile>
    <ClCompile Include="GeneratedFiles\Release\moc_OutputWindow.cpp">
      <Filter>Generated Files\Release</Filter>
    </ClCompile>
    <ClCompile Include="GeneratedFiles\Debug\moc_MainController.cpp">
      <Filter>Generated Files\Debug</Filter>
    </ClCompile>
    <ClCompile Include="GeneratedFiles\Release\moc_MainController.cpp">
      <Filter>Generated Files\Release</Filter>
    </ClCompile>
    <ClCompile Include="ExceptionWindow.cpp">
      <Filter>Source Files\Qt</Filter>
    </ClCompile>
    <ClCompile Include="GeneratedFiles\Debug\moc_ExceptionWindow.cpp">
      <Filter>Generated Files\Debug</Filter>
    </ClCompile>
    <ClCompile Include="GeneratedFiles\Release\moc_ExceptionWindow.cpp">
      <Filter>Generated Files\Release</Filter>
    </ClCompile>
    <ClCompile Include="ZeroDivideException.cpp">
      <Filter>Source Files\Exceptions</Filter>
    </ClCompile>
    <ClCompile Include="Themer.cpp">
      <Filter>Source Files\Qt</Filter>
    </ClCompile>
    <ClCompile Include="jsoncpp\json_reader.cpp">
      <Filter>Source Files\jsoncpp</Filter>
    </ClCompile>
    <ClCompile Include="jsoncpp\json_value.cpp">
      <Filter>Source Files\jsoncpp</Filter>
    </ClCompile>
    <ClCompile Include="jsoncpp\json_writer.cpp">
      <Filter>Source Files\jsoncpp</Filter>
    </ClCompile>
  </ItemGroup>
  <ItemGroup>
    <CustomBuild Include="CodeEditor.h">
      <Filter>Header Files\Qt</Filter>
    </CustomBuild>
    <CustomBuild Include="Compiler.h">
      <Filter>Header Files\Compiler</Filter>
    </CustomBuild>
    <CustomBuild Include="CompilerNode.h">
      <Filter>Header Files\Compiler</Filter>
    </CustomBuild>
    <CustomBuild Include="FunctionCaller.h">
      <Filter>Header Files\VirtualMachine</Filter>
    </CustomBuild>
    <CustomBuild Include="Grammar.h">
      <Filter>Header Files\Tokenizer</Filter>
    </CustomBuild>
    <CustomBuild Include="Highlighter.h">
      <Filter>Header Files\Qt</Filter>
    </CustomBuild>
    <CustomBuild Include="MainWindow.h">
      <Filter>Header Files\Qt</Filter>
    </CustomBuild>
    <CustomBuild Include="InternalFunction.h">
      <Filter>Header Files\Compiler</Filter>
    </CustomBuild>
    <CustomBuild Include="LabelStack.h">
      <Filter>Header Files\Tokenizer</Filter>
    </CustomBuild>
    <CustomBuild Include="MyTokenType.h">
      <Filter>Header Files\Tokenizer</Filter>
    </CustomBuild>
    <CustomBuild Include="ParameterException.h">
      <Filter>Header Files\Exceptions</Filter>
    </CustomBuild>
    <CustomBuild Include="ParameterExceptionType.h">
      <Filter>Header Files\Exceptions</Filter>
    </CustomBuild>
    <CustomBuild Include="ParseException.h">
      <Filter>Header Files\Exceptions</Filter>
    </CustomBuild>
    <CustomBuild Include="PartnerNotFoundException.h">
      <Filter>Header Files\Exceptions</Filter>
    </CustomBuild>
    <CustomBuild Include="SymbolNotFoundException.h">
      <Filter>Header Files\Exceptions</Filter>
    </CustomBuild>
    <CustomBuild Include="VirtualMachine.h">
      <Filter>Header Files\VirtualMachine</Filter>
    </CustomBuild>
    <CustomBuild Include="RegexMatcher.h">
      <Filter>Header Files\Tokenizer</Filter>
    </CustomBuild>
    <CustomBuild Include="Token.h">
      <Filter>Header Files\Tokenizer</Filter>
    </CustomBuild>
    <CustomBuild Include="TokenDefinition.h">
      <Filter>Header Files\Tokenizer</Filter>
    </CustomBuild>
    <CustomBuild Include="Tokenizer.h">
      <Filter>Header Files\Tokenizer</Filter>
    </CustomBuild>
    <CustomBuild Include="TokenizerController.h">
      <Filter>Header Files\Tokenizer</Filter>
    </CustomBuild>
    <CustomBuild Include="TokenPartner.h">
      <Filter>Header Files\Tokenizer</Filter>
    </CustomBuild>
    <CustomBuild Include="MainController.h">
      <Filter>Header Files\Controller</Filter>
    </CustomBuild>
    <CustomBuild Include="IdentifierException.h">
      <Filter>Header Files\Exceptions</Filter>
    </CustomBuild>
    <CustomBuild Include="MissingTokenException.h">
      <Filter>Header Files\Exceptions</Filter>
    </CustomBuild>
    <CustomBuild Include="ParameterNameException.h">
      <Filter>Header Files\Exceptions</Filter>
    </CustomBuild>
    <CustomBuild Include="StatementNotFoundException.h">
      <Filter>Header Files\Exceptions</Filter>
    </CustomBuild>
    <CustomBuild Include="UnexpectedKeywordException.h">
      <Filter>Header Files\Exceptions</Filter>
    </CustomBuild>
    <CustomBuild Include="UnexpectedTypeException.h">
      <Filter>Header Files\Exceptions</Filter>
    </CustomBuild>
    <CustomBuild Include="VariableNotFoundException.h">
      <Filter>Header Files\Exceptions</Filter>
    </CustomBuild>
    <CustomBuild Include="FileIO.h">
      <Filter>Header Files\Services</Filter>
    </CustomBuild>
    <CustomBuild Include="Parser.h">
      <Filter>Header Files\Compiler</Filter>
    </CustomBuild>
    <CustomBuild Include="Subroutine.h">
      <Filter>Header Files\Compiler</Filter>
    </CustomBuild>
    <CustomBuild Include="SubroutineKind.h">
      <Filter>Header Files\Compiler</Filter>
    </CustomBuild>
    <CustomBuild Include="SubroutineTable.h">
      <Filter>Header Files\Compiler</Filter>
    </CustomBuild>
    <CustomBuild Include="Symbol.h">
      <Filter>Header Files\Compiler</Filter>
    </CustomBuild>
    <CustomBuild Include="SymbolKind.h">
      <Filter>Header Files\Compiler</Filter>
    </CustomBuild>
    <CustomBuild Include="SymbolTable.h">
      <Filter>Header Files\Compiler</Filter>
    </CustomBuild>
    <CustomBuild Include="FunctionNameExpectedException.h">
      <Filter>Header Files\Exceptions</Filter>
    </CustomBuild>
    <CustomBuild Include="MissingCompilerNodeException.h">
      <Filter>Header Files\Exceptions</Filter>
    </CustomBuild>
    <CustomBuild Include="MissingMainFunctionException.h">
      <Filter>Header Files\Exceptions</Filter>
    </CustomBuild>
    <CustomBuild Include="SubroutineNotFoundException.h">
      <Filter>Header Files\Exceptions</Filter>
    </CustomBuild>
    <CustomBuild Include="UnknownExpressionException.h">
      <Filter>Header Files\Exceptions</Filter>
    </CustomBuild>
    <CustomBuild Include="LinkedList.h">
      <Filter>Header Files\VirtualMachine</Filter>
    </CustomBuild>
    <CustomBuild Include="ListIterator.h">
      <Filter>Header Files\VirtualMachine</Filter>
    </CustomBuild>
    <CustomBuild Include="ListNode.h">
      <Filter>Header Files\VirtualMachine</Filter>
    </CustomBuild>
    <CustomBuild Include="Resources\words.txt">
      <Filter>Resources</Filter>
    </CustomBuild>
    <CustomBuild Include="OutputWindow.h">
      <Filter>Header Files\Qt</Filter>
    </CustomBuild>
    <CustomBuild Include="Resources\DejaVuSansMono-Bold.ttf">
      <Filter>Resources</Filter>
    </CustomBuild>
    <CustomBuild Include="Resources\DejaVuSansMono-Oblique.ttf">
      <Filter>Resources</Filter>
    </CustomBuild>
    <CustomBuild Include="Resources\DejaVuSansMono.ttf">
      <Filter>Resources</Filter>
    </CustomBuild>
    <CustomBuild Include="ExceptionWindow.h">
      <Filter>Header Files\Qt</Filter>
    </CustomBuild>
    <CustomBuild Include="resource.h">
      <Filter>Header Files\Qt</Filter>
    </CustomBuild>
  </ItemGroup>
  <ItemGroup>
    <Filter Include="Header Files">
      <UniqueIdentifier>{ef64edf0-b809-4eb3-82b2-8c8601e9211d}</UniqueIdentifier>
    </Filter>
    <Filter Include="Source Files">
      <UniqueIdentifier>{667a75b8-59bd-4c5f-8097-52d23d1a3b97}</UniqueIdentifier>
    </Filter>
    <Filter Include="Header Files\Tokenizer">
      <UniqueIdentifier>{c7df049b-d1d9-4fc8-8fa2-6ad57e6ce480}</UniqueIdentifier>
    </Filter>
    <Filter Include="Header Files\Compiler">
      <UniqueIdentifier>{0d452c09-0f46-4a9e-a3b5-9e36f67459d3}</UniqueIdentifier>
    </Filter>
    <Filter Include="Header Files\VirtualMachine">
      <UniqueIdentifier>{8ac18288-f259-46a9-811e-616bcb7be3b0}</UniqueIdentifier>
    </Filter>
    <Filter Include="Header Files\Qt">
      <UniqueIdentifier>{fbf69999-d60c-4736-b24d-8fe15c1c4b09}</UniqueIdentifier>
    </Filter>
    <Filter Include="Source Files\Tokenizer">
      <UniqueIdentifier>{9dcf4f7f-e3e3-4827-90f2-9351094d8bd7}</UniqueIdentifier>
    </Filter>
    <Filter Include="Source Files\Compiler">
      <UniqueIdentifier>{27b84b49-7b33-4687-92ed-47e89a435cb9}</UniqueIdentifier>
    </Filter>
    <Filter Include="Source Files\VirtualMachine">
      <UniqueIdentifier>{9d2ec259-d462-4d4c-9cb8-b68ca2e6aaa4}</UniqueIdentifier>
    </Filter>
    <Filter Include="Source Files\Qt">
      <UniqueIdentifier>{6c62c0ac-63e6-4826-b8d3-db7b971c0451}</UniqueIdentifier>
    </Filter>
    <Filter Include="Generated Files">
      <UniqueIdentifier>{71ED8ED8-ACB9-4CE9-BBE1-E00B30144E11}</UniqueIdentifier>
      <Extensions>moc;h;cpp</Extensions>
      <ParseFiles>true</ParseFiles>
    </Filter>
    <Filter Include="Generated Files\Debug">
      <UniqueIdentifier>{12bbd952-1110-413d-85e6-9f3d53e74cdf}</UniqueIdentifier>
    </Filter>
    <Filter Include="Generated Files\Release">
      <UniqueIdentifier>{229d0cf0-23d3-448a-8b90-cfb18aacf514}</UniqueIdentifier>
    </Filter>
    <Filter Include="Source Files\Exceptions">
      <UniqueIdentifier>{e1c3d781-656c-4157-972b-b54ceda95bc6}</UniqueIdentifier>
    </Filter>
    <Filter Include="Header Files\Exceptions">
      <UniqueIdentifier>{e8ce2c9d-1abe-4985-bcd3-97abc9b06a94}</UniqueIdentifier>
    </Filter>
    <Filter Include="Source Files\Services">
      <UniqueIdentifier>{d7f27538-10ce-4260-8882-8508f54b6e91}</UniqueIdentifier>
    </Filter>
    <Filter Include="Header Files\Services">
      <UniqueIdentifier>{9c1594f6-95e2-436e-b4f3-8be1c1a0d156}</UniqueIdentifier>
    </Filter>
    <Filter Include="Header Files\Controller">
      <UniqueIdentifier>{463cecb1-7c96-4651-8efe-52984656b35d}</UniqueIdentifier>
    </Filter>
    <Filter Include="Source Files\Controller">
      <UniqueIdentifier>{d4b013db-11d1-499b-aa6b-47decf0d5d1a}</UniqueIdentifier>
    </Filter>
    <Filter Include="Resources">
      <UniqueIdentifier>{2266cff4-c5c6-48ed-a6f4-b5b29367529b}</UniqueIdentifier>
    </Filter>
    <Filter Include="Source Files\jsoncpp">
      <UniqueIdentifier>{95af4f7e-a7ba-48ce-9847-ab6d1c57e586}</UniqueIdentifier>
    </Filter>
  </ItemGroup>
  <ItemGroup>
    <ClInclude Include="ZeroDivideException.h">
      <Filter>Header Files\Exceptions</Filter>
    </ClInclude>
    <ClInclude Include="Themer.h">
      <Filter>Header Files\Qt</Filter>
    </ClInclude>
    <ClInclude Include="jsoncpp\json_batchallocator.h">
      <Filter>Source Files\jsoncpp</Filter>
    </ClInclude>
    <ClInclude Include="jsoncpp\json_tool.h">
      <Filter>Source Files\jsoncpp</Filter>
    </ClInclude>
    <ClInclude Include="jsoncpp\assertions.h">
      <Filter>Source Files\jsoncpp</Filter>
    </ClInclude>
    <ClInclude Include="jsoncpp\autolink.h">
      <Filter>Source Files\jsoncpp</Filter>
    </ClInclude>
    <ClInclude Include="jsoncpp\config.h">
      <Filter>Source Files\jsoncpp</Filter>
    </ClInclude>
    <ClInclude Include="jsoncpp\features.h">
      <Filter>Source Files\jsoncpp</Filter>
    </ClInclude>
    <ClInclude Include="jsoncpp\forwards.h">
      <Filter>Source Files\jsoncpp</Filter>
    </ClInclude>
    <ClInclude Include="jsoncpp\json.h">
      <Filter>Source Files\jsoncpp</Filter>
    </ClInclude>
    <ClInclude Include="jsoncpp\reader.h">
      <Filter>Source Files\jsoncpp</Filter>
    </ClInclude>
    <ClInclude Include="jsoncpp\value.h">
      <Filter>Source Files\jsoncpp</Filter>
    </ClInclude>
    <ClInclude Include="jsoncpp\version.h">
      <Filter>Source Files\jsoncpp</Filter>
    </ClInclude>
    <ClInclude Include="jsoncpp\writer.h">
      <Filter>Source Files\jsoncpp</Filter>
    </ClInclude>
  </ItemGroup>
  <ItemGroup>
    <None Include="jsoncpp\json_internalarray.inl">
      <Filter>Source Files\jsoncpp</Filter>
    </None>
    <None Include="jsoncpp\json_internalmap.inl">
      <Filter>Source Files\jsoncpp</Filter>
    </None>
    <None Include="jsoncpp\json_valueiterator.inl">
      <Filter>Source Files\jsoncpp</Filter>
    </None>
  </ItemGroup>
</Project>